
Microsoft Visual Studio Solution File, Format Version 12.00
# Visual Studio Version 17
VisualStudioVersion = 17.7.34031.279
MinimumVisualStudioVersion = 10.0.40219.1
Project("{9A19103F-16F7-4668-BE54-9A1E7A4F7556}") = "team", "team\team.csproj", "{FF273224-6305-4E27-A183-B01D8885940C}"
EndProject
Global
	GlobalSection(SolutionConfigurationPlatforms) = preSolution
		Debug|Any CPU = Debug|Any CPU
		Release|Any CPU = Release|Any CPU
	EndGlobalSection
	GlobalSection(ProjectConfigurationPlatforms) = postSolution
		{FF273224-6305-4E27-A183-B01D8885940C}.Debug|Any CPU.ActiveCfg = Debug|Any CPU
		{FF273224-6305-4E27-A183-B01D8885940C}.Debug|Any CPU.Build.0 = Debug|Any CPU
		{FF273224-6305-4E27-A183-B01D8885940C}.Release|Any CPU.ActiveCfg = Release|Any CPU
		{FF273224-6305-4E27-A183-B01D8885940C}.Release|Any CPU.Build.0 = Release|Any CPU
	EndGlobalSection
	GlobalSection(SolutionProperties) = preSolution
		HideSolutionNode = FALSE
	EndGlobalSection
	GlobalSection(ExtensibilityGlobals) = postSolution
		SolutionGuid = {D7149B5E-5457-4823-831B-590140A592A8}
	EndGlobalSection
EndGlobal
